
Microsoft Visual Studio Solution File, Format Version 12.00
# Visual Studio 15
VisualStudioVersion = 15.0.27428.2043
MinimumVisualStudioVersion = 10.0.40219.1
Project("{FAE04EC0-301F-11D3-BF4B-00C04F79EFBC}") = "ApolloWpf.View", "ApolloWpf\ApolloWpf.View.csproj", "{62C9C113-C40C-4830-AADF-83ECD8CA10EE}"
EndProject
Project("{9A19103F-16F7-4668-BE54-9A1E7A4F7556}") = "ApolloWpf.ViewModel", "ApolloWpf.ViewModel\ApolloWpf.ViewModel.csproj", "{ECA4794E-6EA6-40CA-B1A7-16D9E8EFB313}"
EndProject
Project("{9A19103F-16F7-4668-BE54-9A1E7A4F7556}") = "ApolloWpf.Model", "ApolloWpf.Model\ApolloWpf.Model.csproj", "{14238AC7-BCD2-4C4A-B10B-4AB67AAFF8A5}"
EndProject
Project("{FAE04EC0-301F-11D3-BF4B-00C04F79EFBC}") = "ApolloWpfCore", "ApolloWpfCore\ApolloWpfCore.csproj", "{E3617C67-2670-4265-87C7-2756F7FA509A}"
EndProject
Project("{FAE04EC0-301F-11D3-BF4B-00C04F79EFBC}") = "ApolloWpfCore.Test", "ApolloWpfCore.Test\ApolloWpfCore.Test.csproj", "{C72B9482-6C6F-4FE7-8827-571E99DEBAC0}"
EndProject
Project("{FAE04EC0-301F-11D3-BF4B-00C04F79EFBC}") = "ApolloWpf.Business", "ApolloWpf.Business\ApolloWpf.Business.csproj", "{9CECF6ED-C32A-4433-A6EE-1C763060129B}"
EndProject
Project("{FAE04EC0-301F-11D3-BF4B-00C04F79EFBC}") = "ApolloWpf.Repository", "ApolloWpf.Repository\ApolloWpf.Repository.csproj", "{6DBF5641-BE36-47CB-AD2A-01371B67DC84}"
EndProject
Global
	GlobalSection(SolutionConfigurationPlatforms) = preSolution
		Debug|Any CPU = Debug|Any CPU
		Release|Any CPU = Release|Any CPU
	EndGlobalSection
	GlobalSection(ProjectConfigurationPlatforms) = postSolution
		{62C9C113-C40C-4830-AADF-83ECD8CA10EE}.Debug|Any CPU.ActiveCfg = Debug|Any CPU
		{62C9C113-C40C-4830-AADF-83ECD8CA10EE}.Debug|Any CPU.Build.0 = Debug|Any CPU
		{62C9C113-C40C-4830-AADF-83ECD8CA10EE}.Release|Any CPU.ActiveCfg = Release|Any CPU
		{62C9C113-C40C-4830-AADF-83ECD8CA10EE}.Release|Any CPU.Build.0 = Release|Any CPU
		{ECA4794E-6EA6-40CA-B1A7-16D9E8EFB313}.Debug|Any CPU.ActiveCfg = Debug|Any CPU
		{ECA4794E-6EA6-40CA-B1A7-16D9E8EFB313}.Debug|Any CPU.Build.0 = Debug|Any CPU
		{ECA4794E-6EA6-40CA-B1A7-16D9E8EFB313}.Release|Any CPU.ActiveCfg = Release|Any CPU
		{ECA4794E-6EA6-40CA-B1A7-16D9E8EFB313}.Release|Any CPU.Build.0 = Release|Any CPU
		{14238AC7-BCD2-4C4A-B10B-4AB67AAFF8A5}.Debug|Any CPU.ActiveCfg = Debug|Any CPU
		{14238AC7-BCD2-4C4A-B10B-4AB67AAFF8A5}.Debug|Any CPU.Build.0 = Debug|Any CPU
		{14238AC7-BCD2-4C4A-B10B-4AB67AAFF8A5}.Release|Any CPU.ActiveCfg = Release|Any CPU
		{14238AC7-BCD2-4C4A-B10B-4AB67AAFF8A5}.Release|Any CPU.Build.0 = Release|Any CPU
		{E3617C67-2670-4265-87C7-2756F7FA509A}.Debug|Any CPU.ActiveCfg = Debug|Any CPU
		{E3617C67-2670-4265-87C7-2756F7FA509A}.Debug|Any CPU.Build.0 = Debug|Any CPU
		{E3617C67-2670-4265-87C7-2756F7FA509A}.Release|Any CPU.ActiveCfg = Release|Any CPU
		{E3617C67-2670-4265-87C7-2756F7FA509A}.Release|Any CPU.Build.0 = Release|Any CPU
		{C72B9482-6C6F-4FE7-8827-571E99DEBAC0}.Debug|Any CPU.ActiveCfg = Debug|Any CPU
		{C72B9482-6C6F-4FE7-8827-571E99DEBAC0}.Debug|Any CPU.Build.0 = Debug|Any CPU
		{C72B9482-6C6F-4FE7-8827-571E99DEBAC0}.Release|Any CPU.ActiveCfg = Release|Any CPU
		{C72B9482-6C6F-4FE7-8827-571E99DEBAC0}.Release|Any CPU.Build.0 = Release|Any CPU
		{9CECF6ED-C32A-4433-A6EE-1C763060129B}.Debug|Any CPU.ActiveCfg = Debug|Any CPU
		{9CECF6ED-C32A-4433-A6EE-1C763060129B}.Debug|Any CPU.Build.0 = Debug|Any CPU
		{9CECF6ED-C32A-4433-A6EE-1C763060129B}.Release|Any CPU.ActiveCfg = Release|Any CPU
		{9CECF6ED-C32A-4433-A6EE-1C763060129B}.Release|Any CPU.Build.0 = Release|Any CPU
		{6DBF5641-BE36-47CB-AD2A-01371B67DC84}.Debug|Any CPU.ActiveCfg = Debug|Any CPU
		{6DBF5641-BE36-47CB-AD2A-01371B67DC84}.Debug|Any CPU.Build.0 = Debug|Any CPU
		{6DBF5641-BE36-47CB-AD2A-01371B67DC84}.Release|Any CPU.ActiveCfg = Release|Any CPU
		{6DBF5641-BE36-47CB-AD2A-01371B67DC84}.Release|Any CPU.Build.0 = Release|Any CPU
	EndGlobalSection
	GlobalSection(SolutionProperties) = preSolution
		HideSolutionNode = FALSE
	EndGlobalSection
	GlobalSection(ExtensibilityGlobals) = postSolution
		SolutionGuid = {A87B8433-D7E3-4CC2-8841-5566318130DF}
	EndGlobalSection
EndGlobal
