
Microsoft Visual Studio Solution File, Format Version 12.00
# Visual Studio Version 16
VisualStudioVersion = 16.0.29123.88
MinimumVisualStudioVersion = 10.0.40219.1
Project("{9A19103F-16F7-4668-BE54-9A1E7A4F7556}") = "Apollo.MVVM", "Apollo.MVVM\Apollo.MVVM.csproj", "{512EAF6E-8F34-4694-BC01-D5D460B1FD0D}"
EndProject
Project("{FAE04EC0-301F-11D3-BF4B-00C04F79EFBC}") = "Apollo.WPF", "Apollo.WPF\Apollo.WPF.csproj", "{1A70FDA6-DBA6-4D4B-9807-C957E69FA62E}"
EndProject
Project("{9A19103F-16F7-4668-BE54-9A1E7A4F7556}") = "Apollo.Sample.ViewModel", "Apollo.Sample.ViewModel\Apollo.Sample.ViewModel.csproj", "{A7ADC3D8-CCAF-4854-9EEC-548F77DFB037}"
EndProject
Project("{9A19103F-16F7-4668-BE54-9A1E7A4F7556}") = "Apollo.Sample.Model.Business", "Apollo.Sample.Model.Business\Apollo.Sample.Model.Business.csproj", "{D078D0F8-FB76-486D-B1E8-D1C1A24FF4E2}"
EndProject
Project("{9A19103F-16F7-4668-BE54-9A1E7A4F7556}") = "Apollo.Sample.Model", "Apollo.Sample.Model\Apollo.Sample.Model.csproj", "{1269D0C1-BF41-4557-B25D-656081ECB8F5}"
EndProject
Project("{FAE04EC0-301F-11D3-BF4B-00C04F79EFBC}") = "Apollo.Sample.View", "Apollo.Sample.View\Apollo.Sample.View.csproj", "{A479C9C6-1709-4E85-B215-A02A28EF1674}"
EndProject
Global
	GlobalSection(SolutionConfigurationPlatforms) = preSolution
		Debug|Any CPU = Debug|Any CPU
		Release|Any CPU = Release|Any CPU
	EndGlobalSection
	GlobalSection(ProjectConfigurationPlatforms) = postSolution
		{512EAF6E-8F34-4694-BC01-D5D460B1FD0D}.Debug|Any CPU.ActiveCfg = Debug|Any CPU
		{512EAF6E-8F34-4694-BC01-D5D460B1FD0D}.Debug|Any CPU.Build.0 = Debug|Any CPU
		{512EAF6E-8F34-4694-BC01-D5D460B1FD0D}.Release|Any CPU.ActiveCfg = Release|Any CPU
		{512EAF6E-8F34-4694-BC01-D5D460B1FD0D}.Release|Any CPU.Build.0 = Release|Any CPU
		{1A70FDA6-DBA6-4D4B-9807-C957E69FA62E}.Debug|Any CPU.ActiveCfg = Debug|Any CPU
		{1A70FDA6-DBA6-4D4B-9807-C957E69FA62E}.Debug|Any CPU.Build.0 = Debug|Any CPU
		{1A70FDA6-DBA6-4D4B-9807-C957E69FA62E}.Release|Any CPU.ActiveCfg = Release|Any CPU
		{1A70FDA6-DBA6-4D4B-9807-C957E69FA62E}.Release|Any CPU.Build.0 = Release|Any CPU
		{A7ADC3D8-CCAF-4854-9EEC-548F77DFB037}.Debug|Any CPU.ActiveCfg = Debug|Any CPU
		{A7ADC3D8-CCAF-4854-9EEC-548F77DFB037}.Debug|Any CPU.Build.0 = Debug|Any CPU
		{A7ADC3D8-CCAF-4854-9EEC-548F77DFB037}.Release|Any CPU.ActiveCfg = Release|Any CPU
		{A7ADC3D8-CCAF-4854-9EEC-548F77DFB037}.Release|Any CPU.Build.0 = Release|Any CPU
		{D078D0F8-FB76-486D-B1E8-D1C1A24FF4E2}.Debug|Any CPU.ActiveCfg = Debug|Any CPU
		{D078D0F8-FB76-486D-B1E8-D1C1A24FF4E2}.Debug|Any CPU.Build.0 = Debug|Any CPU
		{D078D0F8-FB76-486D-B1E8-D1C1A24FF4E2}.Release|Any CPU.ActiveCfg = Release|Any CPU
		{D078D0F8-FB76-486D-B1E8-D1C1A24FF4E2}.Release|Any CPU.Build.0 = Release|Any CPU
		{1269D0C1-BF41-4557-B25D-656081ECB8F5}.Debug|Any CPU.ActiveCfg = Debug|Any CPU
		{1269D0C1-BF41-4557-B25D-656081ECB8F5}.Debug|Any CPU.Build.0 = Debug|Any CPU
		{1269D0C1-BF41-4557-B25D-656081ECB8F5}.Release|Any CPU.ActiveCfg = Release|Any CPU
		{1269D0C1-BF41-4557-B25D-656081ECB8F5}.Release|Any CPU.Build.0 = Release|Any CPU
		{A479C9C6-1709-4E85-B215-A02A28EF1674}.Debug|Any CPU.ActiveCfg = Debug|Any CPU
		{A479C9C6-1709-4E85-B215-A02A28EF1674}.Debug|Any CPU.Build.0 = Debug|Any CPU
		{A479C9C6-1709-4E85-B215-A02A28EF1674}.Release|Any CPU.ActiveCfg = Release|Any CPU
		{A479C9C6-1709-4E85-B215-A02A28EF1674}.Release|Any CPU.Build.0 = Release|Any CPU
	EndGlobalSection
	GlobalSection(SolutionProperties) = preSolution
		HideSolutionNode = FALSE
	EndGlobalSection
	GlobalSection(ExtensibilityGlobals) = postSolution
		SolutionGuid = {A87B8433-D7E3-4CC2-8841-5566318130DF}
	EndGlobalSection
EndGlobal
